
Microsoft Visual Studio Solution File, Format Version 12.00
# Visual Studio Version 16
VisualStudioVersion = 16.0.29424.173
MinimumVisualStudioVersion = 10.0.40219.1
Project("{FAE04EC0-301F-11D3-BF4B-00C04F79EFBC}") = "WiremockStandalone", "WiremockStandalone\WiremockStandalone.csproj", "{136BF9E1-A7C4-4BB1-B62F-02FF7FCA8091}"
EndProject
Global
	GlobalSection(SolutionConfigurationPlatforms) = preSolution
		Debug|Any CPU = Debug|Any CPU
		Release|Any CPU = Release|Any CPU
	EndGlobalSection
	GlobalSection(ProjectConfigurationPlatforms) = postSolution
		{136BF9E1-A7C4-4BB1-B62F-02FF7FCA8091}.Debug|Any CPU.ActiveCfg = Debug|Any CPU
		{136BF9E1-A7C4-4BB1-B62F-02FF7FCA8091}.Debug|Any CPU.Build.0 = Debug|Any CPU
		{136BF9E1-A7C4-4BB1-B62F-02FF7FCA8091}.Release|Any CPU.ActiveCfg = Release|Any CPU
		{136BF9E1-A7C4-4BB1-B62F-02FF7FCA8091}.Release|Any CPU.Build.0 = Release|Any CPU
	EndGlobalSection
	GlobalSection(SolutionProperties) = preSolution
		HideSolutionNode = FALSE
	EndGlobalSection
	GlobalSection(ExtensibilityGlobals) = postSolution
		SolutionGuid = {D1352EB3-3EFC-46AB-95D3-170F80C388AF}
	EndGlobalSection
EndGlobal
